
Microsoft Visual Studio Solution File, Format Version 12.00
# Visual Studio Version 16
VisualStudioVersion = 16.0.30011.22
MinimumVisualStudioVersion = 10.0.40219.1
Project("{2150E333-8FDC-42A3-9474-1A3956D46DE8}") = "Tests", "Tests", "{5A47B3E1-B561-45AD-A8A9-6A08126DB47F}"
EndProject
Project("{9A19103F-16F7-4668-BE54-9A1E7A4F7556}") = "BL.Tests", "Tests\BL.Tests\BL.Tests.csproj", "{01EBD83F-70BB-4B4A-AF68-B0548BB5DE5C}"
EndProject
Global
	GlobalSection(SolutionConfigurationPlatforms) = preSolution
		Debug|Any CPU = Debug|Any CPU
		Release|Any CPU = Release|Any CPU
	EndGlobalSection
	GlobalSection(ProjectConfigurationPlatforms) = postSolution
		{01EBD83F-70BB-4B4A-AF68-B0548BB5DE5C}.Debug|Any CPU.ActiveCfg = Debug|Any CPU
		{01EBD83F-70BB-4B4A-AF68-B0548BB5DE5C}.Debug|Any CPU.Build.0 = Debug|Any CPU
		{01EBD83F-70BB-4B4A-AF68-B0548BB5DE5C}.Release|Any CPU.ActiveCfg = Release|Any CPU
		{01EBD83F-70BB-4B4A-AF68-B0548BB5DE5C}.Release|Any CPU.Build.0 = Release|Any CPU
	EndGlobalSection
	GlobalSection(SolutionProperties) = preSolution
		HideSolutionNode = FALSE
	EndGlobalSection
	GlobalSection(NestedProjects) = preSolution
		{01EBD83F-70BB-4B4A-AF68-B0548BB5DE5C} = {5A47B3E1-B561-45AD-A8A9-6A08126DB47F}
	EndGlobalSection
	GlobalSection(ExtensibilityGlobals) = postSolution
		SolutionGuid = {56DE392E-2A08-4FE4-AFD3-4537EED42D9C}
	EndGlobalSection
EndGlobal
